// !$*UTF8*$!
{
	archiveVersion = 1;
	classes = {
	};
	objectVersion = 50;
	objects = {

/* Begin PBXBuildFile section */
		641417F52291494A00C5FA37 /* AppDelegate.swift in Sources */ = {isa = PBXBuildFile; fileRef = 641417F42291494A00C5FA37 /* AppDelegate.swift */; };
		641417F72291494A00C5FA37 /* ShouldoViewController.swift in Sources */ = {isa = PBXBuildFile; fileRef = 641417F62291494A00C5FA37 /* ShouldoViewController.swift */; };
		641417FA2291494A00C5FA37 /* Main.storyboard in Resources */ = {isa = PBXBuildFile; fileRef = 641417F82291494A00C5FA37 /* Main.storyboard */; };
		641417FD2291494A00C5FA37 /* Shouldo.xcdatamodeld in Sources */ = {isa = PBXBuildFile; fileRef = 641417FB2291494A00C5FA37 /* Shouldo.xcdatamodeld */; };
		641417FF2291494D00C5FA37 /* Assets.xcassets in Resources */ = {isa = PBXBuildFile; fileRef = 641417FE2291494D00C5FA37 /* Assets.xcassets */; };
		641418022291494D00C5FA37 /* LaunchScreen.storyboard in Resources */ = {isa = PBXBuildFile; fileRef = 641418002291494D00C5FA37 /* LaunchScreen.storyboard */; };
		6414180C22928BB700C5FA37 /* ShouldoTableViewCell.swift in Sources */ = {isa = PBXBuildFile; fileRef = 6414180B22928BB700C5FA37 /* ShouldoTableViewCell.swift */; };
		641418122293D25000C5FA37 /* DataManager.swift in Sources */ = {isa = PBXBuildFile; fileRef = 641418112293D25000C5FA37 /* DataManager.swift */; };
		641418142293D4F100C5FA37 /* DataManager+Shouldo.swift in Sources */ = {isa = PBXBuildFile; fileRef = 641418132293D4F100C5FA37 /* DataManager+Shouldo.swift */; };
		6414182B2295550800C5FA37 /* DayOfTheWeekViewController.swift in Sources */ = {isa = PBXBuildFile; fileRef = 6414182A2295550800C5FA37 /* DayOfTheWeekViewController.swift */; };
		64141861229570F700C5FA37 /* ShouldoEntity+CoreDataClass.swift in Sources */ = {isa = PBXBuildFile; fileRef = 6414185F229570F700C5FA37 /* ShouldoEntity+CoreDataClass.swift */; };
		64141862229570F700C5FA37 /* ShouldoEntity+CoreDataProperties.swift in Sources */ = {isa = PBXBuildFile; fileRef = 64141860229570F700C5FA37 /* ShouldoEntity+CoreDataProperties.swift */; };
		6414186422966F5300C5FA37 /* SearchViewController.swift in Sources */ = {isa = PBXBuildFile; fileRef = 6414186322966F5300C5FA37 /* SearchViewController.swift */; };
		64141866229679E200C5FA37 /* SearchTableViewCell.swift in Sources */ = {isa = PBXBuildFile; fileRef = 64141865229679E200C5FA37 /* SearchTableViewCell.swift */; };
		6414186E2297F52200C5FA37 /* Formatter.swift in Sources */ = {isa = PBXBuildFile; fileRef = 6414186D2297F52200C5FA37 /* Formatter.swift */; };
/* End PBXBuildFile section */

/* Begin PBXFileReference section */
		641417F12291494A00C5FA37 /* Shouldo.app */ = {isa = PBXFileReference; explicitFileType = wrapper.application; includeInIndex = 0; path = Shouldo.app; sourceTree = BUILT_PRODUCTS_DIR; };
		641417F42291494A00C5FA37 /* AppDelegate.swift */ = {isa = PBXFileReference; lastKnownFileType = sourcecode.swift; path = AppDelegate.swift; sourceTree = "<group>"; };
		641417F62291494A00C5FA37 /* ShouldoViewController.swift */ = {isa = PBXFileReference; lastKnownFileType = sourcecode.swift; path = ShouldoViewController.swift; sourceTree = "<group>"; };
		641417F92291494A00C5FA37 /* Base */ = {isa = PBXFileReference; lastKnownFileType = file.storyboard; name = Base; path = Base.lproj/Main.storyboard; sourceTree = "<group>"; };
		641417FC2291494A00C5FA37 /* Shouldo.xcdatamodel */ = {isa = PBXFileReference; lastKnownFileType = wrapper.xcdatamodel; path = Shouldo.xcdatamodel; sourceTree = "<group>"; };
		641417FE2291494D00C5FA37 /* Assets.xcassets */ = {isa = PBXFileReference; lastKnownFileType = folder.assetcatalog; path = Assets.xcassets; sourceTree = "<group>"; };
		641418012291494D00C5FA37 /* Base */ = {isa = PBXFileReference; lastKnownFileType = file.storyboard; name = Base; path = Base.lproj/LaunchScreen.storyboard; sourceTree = "<group>"; };
		641418032291494D00C5FA37 /* Info.plist */ = {isa = PBXFileReference; lastKnownFileType = text.plist.xml; path = Info.plist; sourceTree = "<group>"; };
		6414180B22928BB700C5FA37 /* ShouldoTableViewCell.swift */ = {isa = PBXFileReference; lastKnownFileType = sourcecode.swift; path = ShouldoTableViewCell.swift; sourceTree = "<group>"; };
		641418112293D25000C5FA37 /* DataManager.swift */ = {isa = PBXFileReference; lastKnownFileType = sourcecode.swift; path = DataManager.swift; sourceTree = "<group>"; };
		641418132293D4F100C5FA37 /* DataManager+Shouldo.swift */ = {isa = PBXFileReference; lastKnownFileType = sourcecode.swift; path = "DataManager+Shouldo.swift"; sourceTree = "<group>"; };
		6414182A2295550800C5FA37 /* DayOfTheWeekViewController.swift */ = {isa = PBXFileReference; lastKnownFileType = sourcecode.swift; path = DayOfTheWeekViewController.swift; sourceTree = "<group>"; };
		6414185F229570F700C5FA37 /* ShouldoEntity+CoreDataClass.swift */ = {isa = PBXFileReference; lastKnownFileType = sourcecode.swift; path = "ShouldoEntity+CoreDataClass.swift"; sourceTree = "<group>"; };
		64141860229570F700C5FA37 /* ShouldoEntity+CoreDataProperties.swift */ = {isa = PBXFileReference; lastKnownFileType = sourcecode.swift; path = "ShouldoEntity+CoreDataProperties.swift"; sourceTree = "<group>"; };
		6414186322966F5300C5FA37 /* SearchViewController.swift */ = {isa = PBXFileReference; lastKnownFileType = sourcecode.swift; path = SearchViewController.swift; sourceTree = "<group>"; };
		64141865229679E200C5FA37 /* SearchTableViewCell.swift */ = {isa = PBXFileReference; lastKnownFileType = sourcecode.swift; path = SearchTableViewCell.swift; sourceTree = "<group>"; };
		6414186D2297F52200C5FA37 /* Formatter.swift */ = {isa = PBXFileReference; lastKnownFileType = sourcecode.swift; path = Formatter.swift; sourceTree = "<group>"; };
/* End PBXFileReference section */

/* Begin PBXFrameworksBuildPhase section */
		641417EE2291494A00C5FA37 /* Frameworks */ = {
			isa = PBXFrameworksBuildPhase;
			buildActionMask = 2147483647;
			files = (
			);
			runOnlyForDeploymentPostprocessing = 0;
		};
/* End PBXFrameworksBuildPhase section */

/* Begin PBXGroup section */
		641417E82291494A00C5FA37 = {
			isa = PBXGroup;
			children = (
				641417F32291494A00C5FA37 /* Shouldo */,
				641417F22291494A00C5FA37 /* Products */,
			);
			sourceTree = "<group>";
		};
		641417F22291494A00C5FA37 /* Products */ = {
			isa = PBXGroup;
			children = (
				641417F12291494A00C5FA37 /* Shouldo.app */,
			);
			name = Products;
			sourceTree = "<group>";
		};
		641417F32291494A00C5FA37 /* Shouldo */ = {
			isa = PBXGroup;
			children = (
				6414185F229570F700C5FA37 /* ShouldoEntity+CoreDataClass.swift */,
				64141860229570F700C5FA37 /* ShouldoEntity+CoreDataProperties.swift */,
				641418112293D25000C5FA37 /* DataManager.swift */,
				641418132293D4F100C5FA37 /* DataManager+Shouldo.swift */,
				641417F42291494A00C5FA37 /* AppDelegate.swift */,
				6414186D2297F52200C5FA37 /* Formatter.swift */,
				641417F62291494A00C5FA37 /* ShouldoViewController.swift */,
				6414180B22928BB700C5FA37 /* ShouldoTableViewCell.swift */,
				6414182A2295550800C5FA37 /* DayOfTheWeekViewController.swift */,
				6414186322966F5300C5FA37 /* SearchViewController.swift */,
				64141865229679E200C5FA37 /* SearchTableViewCell.swift */,
				641417F82291494A00C5FA37 /* Main.storyboard */,
				641417FE2291494D00C5FA37 /* Assets.xcassets */,
				641418002291494D00C5FA37 /* LaunchScreen.storyboard */,
				641418032291494D00C5FA37 /* Info.plist */,
				641417FB2291494A00C5FA37 /* Shouldo.xcdatamodeld */,
			);
			path = Shouldo;
			sourceTree = "<group>";
		};
/* End PBXGroup section */

/* Begin PBXNativeTarget section */
		641417F02291494A00C5FA37 /* Shouldo */ = {
			isa = PBXNativeTarget;
			buildConfigurationList = 641418062291494E00C5FA37 /* Build configuration list for PBXNativeTarget "Shouldo" */;
			buildPhases = (
				641417ED2291494A00C5FA37 /* Sources */,
				641417EE2291494A00C5FA37 /* Frameworks */,
				641417EF2291494A00C5FA37 /* Resources */,
			);
			buildRules = (
			);
			dependencies = (
			);
			name = Shouldo;
			productName = Shouldo;
			productReference = 641417F12291494A00C5FA37 /* Shouldo.app */;
			productType = "com.apple.product-type.application";
		};
/* End PBXNativeTarget section */

/* Begin PBXProject section */
		641417E92291494A00C5FA37 /* Project object */ = {
			isa = PBXProject;
			attributes = {
				LastSwiftUpdateCheck = 1020;
				LastUpgradeCheck = 1020;
				ORGANIZATIONNAME = "Jaeuk Yun";
				TargetAttributes = {
					641417F02291494A00C5FA37 = {
						CreatedOnToolsVersion = 10.2;
					};
				};
			};
			buildConfigurationList = 641417EC2291494A00C5FA37 /* Build configuration list for PBXProject "Shouldo" */;
			compatibilityVersion = "Xcode 9.3";
			developmentRegion = en;
			hasScannedForEncodings = 0;
			knownRegions = (
				en,
				Base,
			);
			mainGroup = 641417E82291494A00C5FA37;
			productRefGroup = 641417F22291494A00C5FA37 /* Products */;
			projectDirPath = "";
			projectRoot = "";
			targets = (
				641417F02291494A00C5FA37 /* Shouldo */,
			);
		};
/* End PBXProject section */

/* Begin PBXResourcesBuildPhase section */
		641417EF2291494A00C5FA37 /* Resources */ = {
			isa = PBXResourcesBuildPhase;
			buildActionMask = 2147483647;
			files = (
				641418022291494D00C5FA37 /* LaunchScreen.storyboard in Resources */,
				641417FF2291494D00C5FA37 /* Assets.xcassets in Resources */,
				641417FA2291494A00C5FA37 /* Main.storyboard in Resources */,
			);
			runOnlyForDeploymentPostprocessing = 0;
		};
/* End PBXResourcesBuildPhase section */

/* Begin PBXSourcesBuildPhase section */
		641417ED2291494A00C5FA37 /* Sources */ = {
			isa = PBXSourcesBuildPhase;
			buildActionMask = 2147483647;
			files = (
				6414186422966F5300C5FA37 /* SearchViewController.swift in Sources */,
				641417F72291494A00C5FA37 /* ShouldoViewController.swift in Sources */,
				64141861229570F700C5FA37 /* ShouldoEntity+CoreDataClass.swift in Sources */,
				641418122293D25000C5FA37 /* DataManager.swift in Sources */,
				64141866229679E200C5FA37 /* SearchTableViewCell.swift in Sources */,
				64141862229570F700C5FA37 /* ShouldoEntity+CoreDataProperties.swift in Sources */,
				6414186E2297F52200C5FA37 /* Formatter.swift in Sources */,
				641417F52291494A00C5FA37 /* AppDelegate.swift in Sources */,
				6414182B2295550800C5FA37 /* DayOfTheWeekViewController.swift in Sources */,
				641418142293D4F100C5FA37 /* DataManager+Shouldo.swift in Sources */,
				641417FD2291494A00C5FA37 /* Shouldo.xcdatamodeld in Sources */,
				6414180C22928BB700C5FA37 /* ShouldoTableViewCell.swift in Sources */,
			);
			runOnlyForDeploymentPostprocessing = 0;
		};
/* End PBXSourcesBuildPhase section */

/* Begin PBXVariantGroup section */
		641417F82291494A00C5FA37 /* Main.storyboard */ = {
			isa = PBXVariantGroup;
			children = (
				641417F92291494A00C5FA37 /* Base */,
			);
			name = Main.storyboard;
			sourceTree = "<group>";
		};
		641418002291494D00C5FA37 /* LaunchScreen.storyboard */ = {
			isa = PBXVariantGroup;
			children = (
				641418012291494D00C5FA37 /* Base */,
			);
			name = LaunchScreen.storyboard;
			sourceTree = "<group>";
		};
/* End PBXVariantGroup section */

/* Begin XCBuildConfiguration section */
		641418042291494E00C5FA37 /* Debug */ = {
			isa = XCBuildConfiguration;
			buildSettings = {
				ALWAYS_SEARCH_USER_PATHS = NO;
				CLANG_ANALYZER_NONNULL = YES;
				CLANG_ANALYZER_NUMBER_OBJECT_CONVERSION = YES_AGGRESSIVE;
				CLANG_CXX_LANGUAGE_STANDARD = "gnu++14";
				CLANG_CXX_LIBRARY = "libc++";
				CLANG_ENABLE_MODULES = YES;
				CLANG_ENABLE_OBJC_ARC = YES;
				CLANG_ENABLE_OBJC_WEAK = YES;
				CLANG_WARN_BLOCK_CAPTURE_AUTORELEASING = YES;
				CLANG_WARN_BOOL_CONVERSION = YES;
				CLANG_WARN_COMMA = YES;
				CLANG_WARN_CONSTANT_CONVERSION = YES;
				CLANG_WARN_DEPRECATED_OBJC_IMPLEMENTATIONS = YES;
				CLANG_WARN_DIRECT_OBJC_ISA_USAGE = YES_ERROR;
				CLANG_WARN_DOCUMENTATION_COMMENTS = YES;
				CLANG_WARN_EMPTY_BODY = YES;
				CLANG_WARN_ENUM_CONVERSION = YES;
				CLANG_WARN_INFINITE_RECURSION = YES;
				CLANG_WARN_INT_CONVERSION = YES;
				CLANG_WARN_NON_LITERAL_NULL_CONVERSION = YES;
				CLANG_WARN_OBJC_IMPLICIT_RETAIN_SELF = YES;
				CLANG_WARN_OBJC_LITERAL_CONVERSION = YES;
				CLANG_WARN_OBJC_ROOT_CLASS = YES_ERROR;
				CLANG_WARN_RANGE_LOOP_ANALYSIS = YES;
				CLANG_WARN_STRICT_PROTOTYPES = YES;
				CLANG_WARN_SUSPICIOUS_MOVE = YES;
				CLANG_WARN_UNGUARDED_AVAILABILITY = YES_AGGRESSIVE;
				CLANG_WARN_UNREACHABLE_CODE = YES;
				CLANG_WARN__DUPLICATE_METHOD_MATCH = YES;
				CODE_SIGN_IDENTITY = "iPhone Developer";
				COPY_PHASE_STRIP = NO;
				DEBUG_INFORMATION_FORMAT = dwarf;
				ENABLE_STRICT_OBJC_MSGSEND = YES;
				ENABLE_TESTABILITY = YES;
				GCC_C_LANGUAGE_STANDARD = gnu11;
				GCC_DYNAMIC_NO_PIC = NO;
				GCC_NO_COMMON_BLOCKS = YES;
				GCC_OPTIMIZATION_LEVEL = 0;
				GCC_PREPROCESSOR_DEFINITIONS = (
					"DEBUG=1",
					"$(inherited)",
				);
				GCC_WARN_64_TO_32_BIT_CONVERSION = YES;
				GCC_WARN_ABOUT_RETURN_TYPE = YES_ERROR;
				GCC_WARN_UNDECLARED_SELECTOR = YES;
				GCC_WARN_UNINITIALIZED_AUTOS = YES_AGGRESSIVE;
				GCC_WARN_UNUSED_FUNCTION = YES;
				GCC_WARN_UNUSED_VARIABLE = YES;
				IPHONEOS_DEPLOYMENT_TARGET = 12.2;
				MTL_ENABLE_DEBUG_INFO = INCLUDE_SOURCE;
				MTL_FAST_MATH = YES;
				ONLY_ACTIVE_ARCH = YES;
				SDKROOT = iphoneos;
				SWIFT_ACTIVE_COMPILATION_CONDITIONS = DEBUG;
				SWIFT_OPTIMIZATION_LEVEL = "-Onone";
			};
			name = Debug;
		};
		641418052291494E00C5FA37 /* Release */ = {
			isa = XCBuildConfiguration;
			buildSettings = {
				ALWAYS_SEARCH_USER_PATHS = NO;
				CLANG_ANALYZER_NONNULL = YES;
				CLANG_ANALYZER_NUMBER_OBJECT_CONVERSION = YES_AGGRESSIVE;
				CLANG_CXX_LANGUAGE_STANDARD = "gnu++14";
				CLANG_CXX_LIBRARY = "libc++";
				CLANG_ENABLE_MODULES = YES;
				CLANG_ENABLE_OBJC_ARC = YES;
				CLANG_ENABLE_OBJC_WEAK = YES;
				CLANG_WARN_BLOCK_CAPTURE_AUTORELEASING = YES;
				CLANG_WARN_BOOL_CONVERSION = YES;
				CLANG_WARN_COMMA = YES;
				CLANG_WARN_CONSTANT_CONVERSION = YES;
				CLANG_WARN_DEPRECATED_OBJC_IMPLEMENTATIONS = YES;
				CLANG_WARN_DIRECT_OBJC_ISA_USAGE = YES_ERROR;
				CLANG_WARN_DOCUMENTATION_COMMENTS = YES;
				CLANG_WARN_EMPTY_BODY = YES;
				CLANG_WARN_ENUM_CONVERSION = YES;
				CLANG_WARN_INFINITE_RECURSION = YES;
				CLANG_WARN_INT_CONVERSION = YES;
				CLANG_WARN_NON_LITERAL_NULL_CONVERSION = YES;
				CLANG_WARN_OBJC_IMPLICIT_RETAIN_SELF = YES;
				CLANG_WARN_OBJC_LITERAL_CONVERSION = YES;
				CLANG_WARN_OBJC_ROOT_CLASS = YES_ERROR;
				CLANG_WARN_RANGE_LOOP_ANALYSIS = YES;
				CLANG_WARN_STRICT_PROTOTYPES = YES;
				CLANG_WARN_SUSPICIOUS_MOVE = YES;
				CLANG_WARN_UNGUARDED_AVAILABILITY = YES_AGGRESSIVE;
				CLANG_WARN_UNREACHABLE_CODE = YES;
				CLANG_WARN__DUPLICATE_METHOD_MATCH = YES;
				CODE_SIGN_IDENTITY = "iPhone Developer";
				COPY_PHASE_STRIP = NO;
				DEBUG_INFORMATION_FORMAT = "dwarf-with-dsym";
				ENABLE_NS_ASSERTIONS = NO;
				ENABLE_STRICT_OBJC_MSGSEND = YES;
				GCC_C_LANGUAGE_STANDARD = gnu11;
				GCC_NO_COMMON_BLOCKS = YES;
				GCC_WARN_64_TO_32_BIT_CONVERSION = YES;
				GCC_WARN_ABOUT_RETURN_TYPE = YES_ERROR;
				GCC_WARN_UNDECLARED_SELECTOR = YES;
				GCC_WARN_UNINITIALIZED_AUTOS = YES_AGGRESSIVE;
				GCC_WARN_UNUSED_FUNCTION = YES;
				GCC_WARN_UNUSED_VARIABLE = YES;
				IPHONEOS_DEPLOYMENT_TARGET = 12.2;
				MTL_ENABLE_DEBUG_INFO = NO;
				MTL_FAST_MATH = YES;
				SDKROOT = iphoneos;
				SWIFT_COMPILATION_MODE = wholemodule;
				SWIFT_OPTIMIZATION_LEVEL = "-O";
				VALIDATE_PRODUCT = YES;
			};
			name = Release;
		};
		641418072291494E00C5FA37 /* Debug */ = {
			isa = XCBuildConfiguration;
			buildSettings = {
				ASSETCATALOG_COMPILER_APPICON_NAME = AppIcon;
				CODE_SIGN_STYLE = Automatic;
				DEVELOPMENT_TEAM = PX37AVLC5L;
				INFOPLIST_FILE = Shouldo/Info.plist;
				IPHONEOS_DEPLOYMENT_TARGET = 12.0;
				LD_RUNPATH_SEARCH_PATHS = (
					"$(inherited)",
					"@executable_path/Frameworks",
				);
				PRODUCT_BUNDLE_IDENTIFIER = com.JaeukYun.Shouldo;
				PRODUCT_NAME = "$(TARGET_NAME)";
				SWIFT_VERSION = 5.0;
				TARGETED_DEVICE_FAMILY = 1;
			};
			name = Debug;
		};
		641418082291494E00C5FA37 /* Release */ = {
			isa = XCBuildConfiguration;
			buildSettings = {
				ASSETCATALOG_COMPILER_APPICON_NAME = AppIcon;
				CODE_SIGN_STYLE = Automatic;
				DEVELOPMENT_TEAM = PX37AVLC5L;
				INFOPLIST_FILE = Shouldo/Info.plist;
				IPHONEOS_DEPLOYMENT_TARGET = 12.0;
				LD_RUNPATH_SEARCH_PATHS = (
					"$(inherited)",
					"@executable_path/Frameworks",
				);
				PRODUCT_BUNDLE_IDENTIFIER = com.JaeukYun.Shouldo;
				PRODUCT_NAME = "$(TARGET_NAME)";
				SWIFT_VERSION = 5.0;
				TARGETED_DEVICE_FAMILY = 1;
			};
			name = Release;
		};
/* End XCBuildConfiguration section */

/* Begin XCConfigurationList section */
		641417EC2291494A00C5FA37 /* Build configuration list for PBXProject "Shouldo" */ = {
			isa = XCConfigurationList;
			buildConfigurations = (
				641418042291494E00C5FA37 /* Debug */,
				641418052291494E00C5FA37 /* Release */,
			);
			defaultConfigurationIsVisible = 0;
			defaultConfigurationName = Release;
		};
		641418062291494E00C5FA37 /* Build configuration list for PBXNativeTarget "Shouldo" */ = {
			isa = XCConfigurationList;
			buildConfigurations = (
				641418072291494E00C5FA37 /* Debug */,
				641418082291494E00C5FA37 /* Release */,
			);
			defaultConfigurationIsVisible = 0;
			defaultConfigurationName = Release;
		};
/* End XCConfigurationList section */

/* Begin XCVersionGroup section */
		641417FB2291494A00C5FA37 /* Shouldo.xcdatamodeld */ = {
			isa = XCVersionGroup;
			children = (
				641417FC2291494A00C5FA37 /* Shouldo.xcdatamodel */,
			);
			currentVersion = 641417FC2291494A00C5FA37 /* Shouldo.xcdatamodel */;
			path = Shouldo.xcdatamodeld;
			sourceTree = "<group>";
			versionGroupType = wrapper.xcdatamodel;
		};
/* End XCVersionGroup section */
	};
	rootObject = 641417E92291494A00C5FA37 /* Project object */;
}
